
Microsoft Visual Studio Solution File, Format Version 12.00
# Visual Studio Version 17
VisualStudioVersion = 17.4.33403.182
MinimumVisualStudioVersion = 10.0.40219.1
Project("{9A19103F-16F7-4668-BE54-9A1E7A4F7556}") = "MSRecordsEngine", "MSRecordsEngine.csproj", "{5F89AF2C-1AE3-4FFC-A9B6-E786AA425F6E}"
EndProject
Global
	GlobalSection(SolutionConfigurationPlatforms) = preSolution
		Debug|Any CPU = Debug|Any CPU
		Debug|ARM32 = Debug|ARM32
		Debug|x86 = Debug|x86
		Release|Any CPU = Release|Any CPU
		Release|ARM32 = Release|ARM32
		Release|x86 = Release|x86
	EndGlobalSection
	GlobalSection(ProjectConfigurationPlatforms) = postSolution
		{5F89AF2C-1AE3-4FFC-A9B6-E786AA425F6E}.Debug|Any CPU.ActiveCfg = Debug|Any CPU
		{5F89AF2C-1AE3-4FFC-A9B6-E786AA425F6E}.Debug|Any CPU.Build.0 = Debug|Any CPU
		{5F89AF2C-1AE3-4FFC-A9B6-E786AA425F6E}.Debug|ARM32.ActiveCfg = Debug|ARM32
		{5F89AF2C-1AE3-4FFC-A9B6-E786AA425F6E}.Debug|ARM32.Build.0 = Debug|ARM32
		{5F89AF2C-1AE3-4FFC-A9B6-E786AA425F6E}.Debug|x86.ActiveCfg = Debug|x86
		{5F89AF2C-1AE3-4FFC-A9B6-E786AA425F6E}.Debug|x86.Build.0 = Debug|x86
		{5F89AF2C-1AE3-4FFC-A9B6-E786AA425F6E}.Release|Any CPU.ActiveCfg = Release|Any CPU
		{5F89AF2C-1AE3-4FFC-A9B6-E786AA425F6E}.Release|Any CPU.Build.0 = Release|Any CPU
		{5F89AF2C-1AE3-4FFC-A9B6-E786AA425F6E}.Release|ARM32.ActiveCfg = Release|ARM32
		{5F89AF2C-1AE3-4FFC-A9B6-E786AA425F6E}.Release|ARM32.Build.0 = Release|ARM32
		{5F89AF2C-1AE3-4FFC-A9B6-E786AA425F6E}.Release|x86.ActiveCfg = Release|x86
		{5F89AF2C-1AE3-4FFC-A9B6-E786AA425F6E}.Release|x86.Build.0 = Release|x86
	EndGlobalSection
	GlobalSection(SolutionProperties) = preSolution
		HideSolutionNode = FALSE
	EndGlobalSection
	GlobalSection(ExtensibilityGlobals) = postSolution
		SolutionGuid = {325A7731-B92E-45CD-9D6B-6C4EAA040A8E}
	EndGlobalSection
EndGlobal
